{
  "name": "wise-notes",
  "lockfileVersion": 3,
  "requires": true,
  "packages": {
    "": {
      "dependencies": {
        "markdown-to-text": "^0.1.1"
      }
    },
    "node_modules/@types/chai": {
      "version": "4.3.20",
      "resolved": "https://registry.npmjs.org/@types/chai/-/chai-4.3.20.tgz",
      "integrity": "sha512-/pC9HAB5I/xMlc5FP77qjCnI16ChlJfW0tGa0IUcFn38VJrTV6DeZ60NU5KZBtaOZqjdpwTWohz5HU1RrhiYxQ==",
      "license": "MIT"
    },
    "node_modules/@types/mocha": {
      "version": "8.2.3",
      "resolved": "https://registry.npmjs.org/@types/mocha/-/mocha-8.2.3.tgz",
      "integrity": "sha512-ekGvFhFgrc2zYQoX4JeZPmVzZxw6Dtllga7iGHzfbYIYkAMUx/sAFP2GdFpLff+vdHXu5fl7WX9AT+TtqYcsyw==",
      "license": "MIT"
    },
    "node_modules/markdown-to-text": {
      "version": "0.1.1",
      "resolved": "https://registry.npmjs.org/markdown-to-text/-/markdown-to-text-0.1.1.tgz",
      "integrity": "sha512-co/J5l8mJ2RK9wD/nQRGwO7JxoeyfvVNtOZll016EdAX2qYkwCWMdtYvJO42b41Ho7GFEJMuly9llf0Nj+ReQw==",
      "license": "MIT",
      "dependencies": {
        "@types/chai": "^4.2.14",
        "@types/mocha": "^8.2.0"
      }
    }
  }
}
